PODS:
  - Cartography (1.0.1)
  - XCGLogger (4.0.0):
    - XCGLogger/Core (= 4.0.0)
  - XCGLogger/Core (4.0.0)

DEPENDENCIES:
  - Cartography (= 1.0.1)
  - XCGLogger (= 4.0.0)

SPEC CHECKSUMS:
  Cartography: c1460e99395b824d9d75360b0382faeb0b33dcd7
  XCGLogger: 38063ea89b4c8b23232d18efd2e12eb0005f3ea4

PODFILE CHECKSUM: 1e4fb2297dea857c0f971ed0e42851cae7111837

COCOAPODS: 1.2.0
